
Microsoft Visual Studio Solution File, Format Version 12.00
# Visual Studio Version 17
VisualStudioVersion = 17.4.33213.308
MinimumVisualStudioVersion = 10.0.40219.1
Project("{9A19103F-16F7-4668-BE54-9A1E7A4F7556}") = "BlogLab.Web", "BlogLab.Web\BlogLab.Web.csproj", "{27FD6436-C1EB-415F-8A1A-85786205FDB0}"
EndProject
Project("{9A19103F-16F7-4668-BE54-9A1E7A4F7556}") = "BlogLab.Models", "BlogLab.Models\BlogLab.Models.csproj", "{0A5FC6FB-0376-4898-94B3-00E9962E6B73}"
EndProject
Project("{9A19103F-16F7-4668-BE54-9A1E7A4F7556}") = "BlogLab.Repository", "BlogLab.Repository\BlogLab.Repository.csproj", "{F8BA86CC-4409-430A-9AD0-F97CC65C1F3F}"
EndProject
Project("{FAE04EC0-301F-11D3-BF4B-00C04F79EFBC}") = "BlogLab.Identity", "BlogLab.Identity\BlogLab.Identity.csproj", "{257393D9-E6DC-4840-8A8B-9D8E4D816361}"
EndProject
Project("{FAE04EC0-301F-11D3-BF4B-00C04F79EFBC}") = "BlogLab.Services", "BlogLab.Services\BlogLab.Services.csproj", "{CA8AC170-971F-442C-9A3B-999A7246F4D9}"
EndProject
Global
	GlobalSection(SolutionConfigurationPlatforms) = preSolution
		Debug|Any CPU = Debug|Any CPU
		Release|Any CPU = Release|Any CPU
	EndGlobalSection
	GlobalSection(ProjectConfigurationPlatforms) = postSolution
		{27FD6436-C1EB-415F-8A1A-85786205FDB0}.Debug|Any CPU.ActiveCfg = Debug|Any CPU
		{27FD6436-C1EB-415F-8A1A-85786205FDB0}.Debug|Any CPU.Build.0 = Debug|Any CPU
		{27FD6436-C1EB-415F-8A1A-85786205FDB0}.Release|Any CPU.ActiveCfg = Release|Any CPU
		{27FD6436-C1EB-415F-8A1A-85786205FDB0}.Release|Any CPU.Build.0 = Release|Any CPU
		{0A5FC6FB-0376-4898-94B3-00E9962E6B73}.Debug|Any CPU.ActiveCfg = Debug|Any CPU
		{0A5FC6FB-0376-4898-94B3-00E9962E6B73}.Debug|Any CPU.Build.0 = Debug|Any CPU
		{0A5FC6FB-0376-4898-94B3-00E9962E6B73}.Release|Any CPU.ActiveCfg = Release|Any CPU
		{0A5FC6FB-0376-4898-94B3-00E9962E6B73}.Release|Any CPU.Build.0 = Release|Any CPU
		{F8BA86CC-4409-430A-9AD0-F97CC65C1F3F}.Debug|Any CPU.ActiveCfg = Debug|Any CPU
		{F8BA86CC-4409-430A-9AD0-F97CC65C1F3F}.Debug|Any CPU.Build.0 = Debug|Any CPU
		{F8BA86CC-4409-430A-9AD0-F97CC65C1F3F}.Release|Any CPU.ActiveCfg = Release|Any CPU
		{F8BA86CC-4409-430A-9AD0-F97CC65C1F3F}.Release|Any CPU.Build.0 = Release|Any CPU
		{257393D9-E6DC-4840-8A8B-9D8E4D816361}.Debug|Any CPU.ActiveCfg = Debug|Any CPU
		{257393D9-E6DC-4840-8A8B-9D8E4D816361}.Debug|Any CPU.Build.0 = Debug|Any CPU
		{257393D9-E6DC-4840-8A8B-9D8E4D816361}.Release|Any CPU.ActiveCfg = Release|Any CPU
		{257393D9-E6DC-4840-8A8B-9D8E4D816361}.Release|Any CPU.Build.0 = Release|Any CPU
		{CA8AC170-971F-442C-9A3B-999A7246F4D9}.Debug|Any CPU.ActiveCfg = Debug|Any CPU
		{CA8AC170-971F-442C-9A3B-999A7246F4D9}.Debug|Any CPU.Build.0 = Debug|Any CPU
		{CA8AC170-971F-442C-9A3B-999A7246F4D9}.Release|Any CPU.ActiveCfg = Release|Any CPU
		{CA8AC170-971F-442C-9A3B-999A7246F4D9}.Release|Any CPU.Build.0 = Release|Any CPU
	EndGlobalSection
	GlobalSection(SolutionProperties) = preSolution
		HideSolutionNode = FALSE
	EndGlobalSection
	GlobalSection(ExtensibilityGlobals) = postSolution
		SolutionGuid = {35C4C536-B136-4852-A40D-FE6B0B4D2910}
	EndGlobalSection
EndGlobal
